# THIS IS AN AUTOGENERATED FILE. DO NOT EDIT THIS FILE DIRECTLY.
# yarn lockfile v1
# bun ./bun.lockb --hash: F1DF93BA9CD331C5-cae7034ba7a090a4-8AB0FC06AFE9AF69-1f259a18a9a5dcb6


"@playwright/test@^1.53":
  version "1.53.2"
  resolved "https://registry.npmjs.org/@playwright/test/-/test-1.53.2.tgz"
  integrity sha512-tEB2U5z74ebBeyfGNZ3Jfg29AnW+5HlWhvHtb/Mqco9pFdZU1ZLNdVb2UtB5CvmiilNr2ZfVH/qMmAROG/XTzw==
  dependencies:
    playwright "1.53.2"

"@types/node@^20.12.5":
  version "20.17.30"
  resolved "https://registry.npmjs.org/@types/node/-/node-20.17.30.tgz"
  integrity sha512-7zf4YyHA+jvBNfVrk2Gtvs6x7E8V+YDW05bNfG2XkWDJfYRXrTiP/DsB2zSYTaHX0bGIujTBQdMVAhb+j7mwpg==
  dependencies:
    undici-types "~6.19.2"

fsevents@2.3.2:
  version "2.3.2"
  resolved "https://registry.npmjs.org/fsevents/-/fsevents-2.3.2.tgz"
  integrity sha512-xiqMQR4xAeHTuB9uWm+fFRcIOgKBMiOBP+eXiyT7jsgVCq1bkVygt00oASowB7EdtpOHaaPgKt812P9ab+DDKA==

playwright@1.53.2:
  version "1.53.2"
  resolved "https://registry.npmjs.org/playwright/-/playwright-1.53.2.tgz"
  integrity sha512-6K/qQxVFuVQhRQhFsVZ9fGeatxirtrpPgxzBYWyZLEXJzqYwuL4fuNmfOfD5et1tJE4GScKyPNeLhZeRwuTU3A==
  dependencies:
    playwright-core "1.53.2"
  optionalDependencies:
    fsevents "2.3.2"

playwright-core@1.53.2:
  version "1.53.2"
  resolved "https://registry.npmjs.org/playwright-core/-/playwright-core-1.53.2.tgz"
  integrity sha512-ox/OytMy+2w1jcYEYlOo1Hhp8hZkLCximMTUTMBXjGUA1KoFfiSZ+DU+3a739jsPY0yoKH2TFy9S2fsJas8yAw==

undici-types@~6.19.2:
  version "6.19.8"
  resolved "https://registry.npmjs.org/undici-types/-/undici-types-6.19.8.tgz"
  integrity sha512-ve2KP6f/JnbPBFyobGHuerC9g1FYGn/F8n1LWTwNxCEzd6IfqTwUQcNXgEtmmQ6DlRrC1hrSrBnCZPokRrDHjw==
