# THIS IS AN AUTOGENERATED FILE. DO NOT EDIT THIS FILE DIRECTLY.
# yarn lockfile v1
# bun ./bun.lockb --hash: 4B8220F7292825DD-4983e990f77135aa-7EC9643970FFCB8F-819dd2c8e74ff414


"@playwright/test@^1.53":
  version "1.53.2"
  resolved "https://registry.npmjs.org/@playwright/test/-/test-1.53.2.tgz"
  integrity sha512-tEB2U5z74ebBeyfGNZ3Jfg29AnW+5HlWhvHtb/Mqco9pFdZU1ZLNdVb2UtB5CvmiilNr2ZfVH/qMmAROG/XTzw==
  dependencies:
    playwright "1.53.2"

"@types/node@^20.12.5":
  version "20.12.5"
  resolved "https://registry.npmjs.org/@types/node/-/node-20.12.5.tgz"
  integrity sha512-BD+BjQ9LS/D8ST9p5uqBxghlN+S42iuNxjsUGjeZobe/ciXzk2qb1B6IXc6AnRLS+yFJRpN2IPEHMzwspfDJNw==
  dependencies:
    undici-types "~5.26.4"

fsevents@2.3.2:
  version "2.3.2"
  resolved "https://registry.npmjs.org/fsevents/-/fsevents-2.3.2.tgz"
  integrity sha512-xiqMQR4xAeHTuB9uWm+fFRcIOgKBMiOBP+eXiyT7jsgVCq1bkVygt00oASowB7EdtpOHaaPgKt812P9ab+DDKA==

playwright@1.53.2:
  version "1.53.2"
  resolved "https://registry.npmjs.org/playwright/-/playwright-1.53.2.tgz"
  integrity sha512-6K/qQxVFuVQhRQhFsVZ9fGeatxirtrpPgxzBYWyZLEXJzqYwuL4fuNmfOfD5et1tJE4GScKyPNeLhZeRwuTU3A==
  dependencies:
    playwright-core "1.53.2"
  optionalDependencies:
    fsevents "2.3.2"

playwright-core@1.53.2:
  version "1.53.2"
  resolved "https://registry.npmjs.org/playwright-core/-/playwright-core-1.53.2.tgz"
  integrity sha512-ox/OytMy+2w1jcYEYlOo1Hhp8hZkLCximMTUTMBXjGUA1KoFfiSZ+DU+3a739jsPY0yoKH2TFy9S2fsJas8yAw==

undici-types@~5.26.4:
  version "5.26.5"
  resolved "https://registry.npmjs.org/undici-types/-/undici-types-5.26.5.tgz"
  integrity sha512-JlCMO+ehdEIKqlFxk6IfVoAUVmgz7cU7zD/h9XZ0qzeosSHmUJVOzSQvvYSYWXkFXC+IfLKSIffhv0sVZup6pA==
